
Microsoft Visual Studio Solution File, Format Version 12.00
# Visual Studio Version 17
VisualStudioVersion = 17.5.002.0
MinimumVisualStudioVersion = 10.0.40219.1
Project("{9A19103F-16F7-4668-BE54-9A1E7A4F7556}") = "DesafioPOO", "DesafioPOO.csproj", "{61F57A34-B229-4CF1-80A7-CF0DA0D4CB1B}"
EndProject
Global
	GlobalSection(SolutionConfigurationPlatforms) = preSolution
		Debug|Any CPU = Debug|Any CPU
		Release|Any CPU = Release|Any CPU
	EndGlobalSection
	GlobalSection(ProjectConfigurationPlatforms) = postSolution
		{61F57A34-B229-4CF1-80A7-CF0DA0D4CB1B}.Debug|Any CPU.ActiveCfg = Debug|Any CPU
		{61F57A34-B229-4CF1-80A7-CF0DA0D4CB1B}.Debug|Any CPU.Build.0 = Debug|Any CPU
		{61F57A34-B229-4CF1-80A7-CF0DA0D4CB1B}.Release|Any CPU.ActiveCfg = Release|Any CPU
		{61F57A34-B229-4CF1-80A7-CF0DA0D4CB1B}.Release|Any CPU.Build.0 = Release|Any CPU
	EndGlobalSection
	GlobalSection(SolutionProperties) = preSolution
		HideSolutionNode = FALSE
	EndGlobalSection
	GlobalSection(ExtensibilityGlobals) = postSolution
		SolutionGuid = {43C6470D-4650-443E-9B06-9980A1C8612A}
	EndGlobalSection
EndGlobal
